
Microsoft Visual Studio Solution File, Format Version 12.00
# Visual Studio Version 17
VisualStudioVersion = 17.11.35431.28
MinimumVisualStudioVersion = 10.0.40219.1
Project("{FAE04EC0-301F-11D3-BF4B-00C04F79EFBC}") = "Vrelk.Libs.Types", "Vrelk.Libs.Types\Vrelk.Libs.Types.csproj", "{1B7221C4-1984-4D56-A5FF-75CB289987FE}"
EndProject
Global
	GlobalSection(SolutionConfigurationPlatforms) = preSolution
		Debug|Any CPU = Debug|Any CPU
		Release|Any CPU = Release|Any CPU
	EndGlobalSection
	GlobalSection(ProjectConfigurationPlatforms) = postSolution
		{1B7221C4-1984-4D56-A5FF-75CB289987FE}.Debug|Any CPU.ActiveCfg = Debug|Any CPU
		{1B7221C4-1984-4D56-A5FF-75CB289987FE}.Debug|Any CPU.Build.0 = Debug|Any CPU
		{1B7221C4-1984-4D56-A5FF-75CB289987FE}.Release|Any CPU.ActiveCfg = Release|Any CPU
		{1B7221C4-1984-4D56-A5FF-75CB289987FE}.Release|Any CPU.Build.0 = Release|Any CPU
	EndGlobalSection
	GlobalSection(SolutionProperties) = preSolution
		HideSolutionNode = FALSE
	EndGlobalSection
	GlobalSection(ExtensibilityGlobals) = postSolution
		SolutionGuid = {50296EB8-6055-4554-BA86-04760FDBF5F2}
	EndGlobalSection
EndGlobal
